{
  "version": 3,
  "targets": {
    "net9.0-windows7.0": {
      "Microsoft.Xaml.Behaviors.Wpf/1.1.19": {
        "type": "package",
        "compile": {
          "lib/netcoreapp3.0/Microsoft.Xaml.Behaviors.dll": {
            "related": ".pdb;.xml"
          }
        },
        "runtime": {
          "lib/netcoreapp3.0/Microsoft.Xaml.Behaviors.dll": {
            "related": ".pdb;.xml"
          }
        },
        "frameworkReferences": [
          "Microsoft.WindowsDesktop.App.WPF"
        ]
      },
      "Syncfusion.Compression.Base/29.1.33": {
        "type": "package",
        "compile": {
          "lib/net9.0-windows7.0/Syncfusion.Compression.Base.dll": {
            "related": ".xml"
          }
        },
        "runtime": {
          "lib/net9.0-windows7.0/Syncfusion.Compression.Base.dll": {
            "related": ".xml"
          }
        }
      },
      "Syncfusion.Data.WPF/29.1.33": {
        "type": "package",
        "compile": {
          "lib/net9.0-windows7.0/Syncfusion.Data.WPF.dll": {
            "related": ".xml"
          }
        },
        "runtime": {
          "lib/net9.0-windows7.0/Syncfusion.Data.WPF.dll": {
            "related": ".xml"
          }
        }
      },
      "Syncfusion.DataGridExcelExport.Wpf/29.1.33": {
        "type": "package",
        "dependencies": {
          "Syncfusion.Data.WPF": "29.1.33",
          "Syncfusion.Pdf.Wpf": "29.1.33",
          "Syncfusion.SfGrid.WPF": "29.1.33",
          "Syncfusion.Shared.WPF": "29.1.33",
          "Syncfusion.XlsIO.Wpf": "29.1.33"
        },
        "compile": {
          "lib/net9.0-windows7.0/Syncfusion.SfGridConverter.WPF.dll": {
            "related": ".xml"
          }
        },
        "runtime": {
          "lib/net9.0-windows7.0/Syncfusion.SfGridConverter.WPF.dll": {
            "related": ".xml"
          }
        }
      },
      "Syncfusion.GridCommon.Wpf/29.1.33": {
        "type": "package",
        "compile": {
          "lib/net9.0-windows7.0/Syncfusion.GridCommon.WPF.dll": {
            "related": ".xml"
          }
        },
        "runtime": {
          "lib/net9.0-windows7.0/Syncfusion.GridCommon.WPF.dll": {
            "related": ".xml"
          }
        }
      },
      "Syncfusion.Licensing/29.1.33": {
        "type": "package",
        "compile": {
          "lib/net9.0/Syncfusion.Licensing.dll": {}
        },
        "runtime": {
          "lib/net9.0/Syncfusion.Licensing.dll": {}
        }
      },
      "Syncfusion.Linq.Base/29.1.33": {
        "type": "package",
        "compile": {
          "lib/net9.0-windows7.0/Syncfusion.Linq.Base.dll": {
            "related": ".xml"
          }
        },
        "runtime": {
          "lib/net9.0-windows7.0/Syncfusion.Linq.Base.dll": {
            "related": ".xml"
          }
        }
      },
      "Syncfusion.Pdf.Wpf/29.1.33": {
        "type": "package",
        "dependencies": {
          "Syncfusion.Compression.Base": "29.1.33",
          "Syncfusion.Licensing": "29.1.33"
        },
        "compile": {
          "lib/net9.0-windows7.0/Syncfusion.Pdf.Base.dll": {
            "related": ".xml"
          }
        },
        "runtime": {
          "lib/net9.0-windows7.0/Syncfusion.Pdf.Base.dll": {
            "related": ".xml"
          }
        }
      },
      "Syncfusion.SfChart.WPF/29.1.33": {
        "type": "package",
        "dependencies": {
          "Syncfusion.Licensing": "29.1.33"
        },
        "compile": {
          "lib/net9.0-windows7.0/Syncfusion.SfChart.WPF.dll": {
            "related": ".xml"
          }
        },
        "runtime": {
          "lib/net9.0-windows7.0/Syncfusion.SfChart.WPF.dll": {
            "related": ".xml"
          }
        }
      },
      "Syncfusion.SfGauge.WPF/29.1.33": {
        "type": "package",
        "dependencies": {
          "Syncfusion.Licensing": "29.1.33",
          "Syncfusion.Shared.WPF": "29.1.33"
        },
        "compile": {
          "lib/net9.0-windows7.0/Syncfusion.SfGauge.WPF.dll": {
            "related": ".xml"
          }
        },
        "runtime": {
          "lib/net9.0-windows7.0/Syncfusion.SfGauge.WPF.dll": {
            "related": ".xml"
          }
        }
      },
      "Syncfusion.SfGrid.WPF/29.1.33": {
        "type": "package",
        "dependencies": {
          "Syncfusion.Data.WPF": "29.1.33",
          "Syncfusion.Licensing": "29.1.33",
          "Syncfusion.Shared.WPF": "29.1.33"
        },
        "compile": {
          "lib/net9.0-windows7.0/Syncfusion.SfGrid.WPF.dll": {
            "related": ".xml"
          }
        },
        "runtime": {
          "lib/net9.0-windows7.0/Syncfusion.SfGrid.WPF.dll": {
            "related": ".xml"
          }
        }
      },
      "Syncfusion.SfSkinManager.WPF/29.1.33": {
        "type": "package",
        "dependencies": {
          "Syncfusion.Licensing": "29.1.33"
        },
        "compile": {
          "lib/net9.0-windows7.0/Syncfusion.SfSkinManager.WPF.dll": {
            "related": ".xml"
          }
        },
        "runtime": {
          "lib/net9.0-windows7.0/Syncfusion.SfSkinManager.WPF.dll": {
            "related": ".xml"
          }
        }
      },
      "Syncfusion.Shared.WPF/29.1.33": {
        "type": "package",
        "dependencies": {
          "Syncfusion.Licensing": "29.1.33"
        },
        "compile": {
          "lib/net9.0-windows7.0/Syncfusion.Shared.WPF.dll": {
            "related": ".xml"
          }
        },
        "runtime": {
          "lib/net9.0-windows7.0/Syncfusion.Shared.WPF.dll": {
            "related": ".xml"
          }
        }
      },
      "Syncfusion.Themes.FluentLight.WPF/29.1.33": {
        "type": "package",
        "dependencies": {
          "Syncfusion.Licensing": "29.1.33",
          "Syncfusion.SfSkinManager.WPF": "29.1.33"
        },
        "compile": {
          "lib/net9.0-windows7.0/Syncfusion.Themes.FluentLight.WPF.dll": {
            "related": ".xml"
          }
        },
        "runtime": {
          "lib/net9.0-windows7.0/Syncfusion.Themes.FluentLight.WPF.dll": {
            "related": ".xml"
          }
        }
      },
      "Syncfusion.Themes.Windows11Light.WPF/29.1.33": {
        "type": "package",
        "dependencies": {
          "Syncfusion.Licensing": "29.1.33",
          "Syncfusion.SfSkinManager.WPF": "29.1.33"
        },
        "compile": {
          "lib/net9.0-windows7.0/Syncfusion.Themes.Windows11Light.WPF.dll": {
            "related": ".xml"
          }
        },
        "runtime": {
          "lib/net9.0-windows7.0/Syncfusion.Themes.Windows11Light.WPF.dll": {
            "related": ".xml"
          }
        }
      },
      "Syncfusion.Tools.WPF/29.1.33": {
        "type": "package",
        "dependencies": {
          "Syncfusion.Licensing": "29.1.33",
          "Syncfusion.Shared.WPF": "29.1.33"
        },
        "compile": {
          "lib/net9.0-windows7.0/Syncfusion.Tools.WPF.dll": {
            "related": ".xml"
          }
        },
        "runtime": {
          "lib/net9.0-windows7.0/Syncfusion.Tools.WPF.dll": {
            "related": ".xml"
          }
        }
      },
      "Syncfusion.XlsIO.Wpf/29.1.33": {
        "type": "package",
        "dependencies": {
          "Syncfusion.Compression.Base": "29.1.33",
          "Syncfusion.Licensing": "29.1.33"
        },
        "compile": {
          "lib/net9.0-windows7.0/Syncfusion.XlsIO.Base.dll": {
            "related": ".xml"
          }
        },
        "runtime": {
          "lib/net9.0-windows7.0/Syncfusion.XlsIO.Base.dll": {
            "related": ".xml"
          }
        }
      }
    }
  },
  "libraries": {
    "Microsoft.Xaml.Behaviors.Wpf/1.1.19": {
      "sha512": "5sPWkbqImc2t1aQwIfJcKsUo7tOg1Tr8+6xVzZJB56Nzt4u9NlpcLofgdX/aRYpPKdWDA3U23Akw1KQzU5e82g==",
      "type": "package",
      "path": "microsoft.xaml.behaviors.wpf/1.1.19",
      "hasTools": true,
      "files": [
        ".nupkg.metadata",
        ".signature.p7s",
        "lib/net45/Design/Microsoft.Xaml.Behaviors.Design.dll",
        "lib/net45/Microsoft.Xaml.Behaviors.dll",
        "lib/net45/Microsoft.Xaml.Behaviors.pdb",
        "lib/net45/Microsoft.Xaml.Behaviors.xml",
        "lib/netcoreapp3.0/Design/Microsoft.Xaml.Behaviors.DesignTools.dll",
        "lib/netcoreapp3.0/Microsoft.Xaml.Behaviors.dll",
        "lib/netcoreapp3.0/Microsoft.Xaml.Behaviors.pdb",
        "lib/netcoreapp3.0/Microsoft.Xaml.Behaviors.xml",
        "microsoft.xaml.behaviors.wpf.1.1.19.nupkg.sha512",
        "microsoft.xaml.behaviors.wpf.nuspec",
        "tools/Install.ps1"
      ]
    },
    "Syncfusion.Compression.Base/29.1.33": {
      "sha512": "0SbQ4tXT/uoEowmCs2tRtfpgW3HT9V3nkyNae7W4mYZymjJHdHe8ACemICfSqM5FebifDxu5ln78fEuazmDVSA==",
      "type": "package",
      "path": "syncfusion.compression.base/29.1.33",
      "files": [
        ".nupkg.metadata",
        ".signature.p7s",
        "LICENSE.txt",
        "lib/net462/Syncfusion.Compression.Base.dll",
        "lib/net462/Syncfusion.Compression.Base.xml",
        "lib/net8.0-windows7.0/Syncfusion.Compression.Base.dll",
        "lib/net8.0-windows7.0/Syncfusion.Compression.Base.xml",
        "lib/net9.0-windows7.0/Syncfusion.Compression.Base.dll",
        "lib/net9.0-windows7.0/Syncfusion.Compression.Base.xml",
        "syncfusion.compression.base.29.1.33.nupkg.sha512",
        "syncfusion.compression.base.nuspec",
        "syncfusion_logo.png"
      ]
    },
    "Syncfusion.Data.WPF/29.1.33": {
      "sha512": "0w0zJDAr4iOUOhTgdOjf0Mx3sSzODt5ff7Pvy0i6T0lrQoWnfVY4Ex2SmdMiH4t8KEoadrr8Uh4+Am4uwFKoMQ==",
      "type": "package",
      "path": "syncfusion.data.wpf/29.1.33",
      "files": [
        ".nupkg.metadata",
        ".signature.p7s",
        "LICENSE.txt",
        "lib/net462/Syncfusion.Data.WPF.dll",
        "lib/net462/Syncfusion.Data.WPF.xml",
        "lib/net8.0-windows7.0/Syncfusion.Data.WPF.dll",
        "lib/net8.0-windows7.0/Syncfusion.Data.WPF.xml",
        "lib/net9.0-windows7.0/Syncfusion.Data.WPF.dll",
        "lib/net9.0-windows7.0/Syncfusion.Data.WPF.xml",
        "syncfusion.data.wpf.29.1.33.nupkg.sha512",
        "syncfusion.data.wpf.nuspec",
        "syncfusion_logo.png"
      ]
    },
    "Syncfusion.DataGridExcelExport.Wpf/29.1.33": {
      "sha512": "alaJhv+HfuuyiEnJK2tODoUyTbCueWcE/dDpR9hq9ZACkGlDbaos5L6Yvo9i/VwZ9SXm7BACEub75FPfdQPYzQ==",
      "type": "package",
      "path": "syncfusion.datagridexcelexport.wpf/29.1.33",
      "files": [
        ".nupkg.metadata",
        ".signature.p7s",
        "LICENSE.txt",
        "README.md",
        "lib/net462/Syncfusion.SfGridConverter.WPF.dll",
        "lib/net462/Syncfusion.SfGridConverter.WPF.xml",
        "lib/net8.0-windows7.0/Syncfusion.SfGridConverter.WPF.dll",
        "lib/net8.0-windows7.0/Syncfusion.SfGridConverter.WPF.xml",
        "lib/net9.0-windows7.0/Syncfusion.SfGridConverter.WPF.dll",
        "lib/net9.0-windows7.0/Syncfusion.SfGridConverter.WPF.xml",
        "syncfusion.datagridexcelexport.wpf.29.1.33.nupkg.sha512",
        "syncfusion.datagridexcelexport.wpf.nuspec",
        "syncfusion_logo.png"
      ]
    },
    "Syncfusion.GridCommon.Wpf/29.1.33": {
      "sha512": "v2+EEKndcwlZUrJ2Qlj4QEIC/MK2pUVTdb0tu4rjIX83cbms45w3RWK6wFAM9CY7G8eHWTDpuFE02sfFoGUCiw==",
      "type": "package",
      "path": "syncfusion.gridcommon.wpf/29.1.33",
      "files": [
        ".nupkg.metadata",
        ".signature.p7s",
        "LICENSE.txt",
        "lib/net462/Syncfusion.GridCommon.WPF.dll",
        "lib/net462/Syncfusion.GridCommon.WPF.xml",
        "lib/net8.0-windows7.0/Syncfusion.GridCommon.WPF.dll",
        "lib/net8.0-windows7.0/Syncfusion.GridCommon.WPF.xml",
        "lib/net9.0-windows7.0/Syncfusion.GridCommon.WPF.dll",
        "lib/net9.0-windows7.0/Syncfusion.GridCommon.WPF.xml",
        "syncfusion.gridcommon.wpf.29.1.33.nupkg.sha512",
        "syncfusion.gridcommon.wpf.nuspec",
        "syncfusion_logo.png"
      ]
    },
    "Syncfusion.Licensing/29.1.33": {
      "sha512": "86pl48kuJ+CR9MdclPV0vyqX/j8g7AYxBCZwJdtct35shlga4qAv6SWWzP7osPSUX/j3BBCtE49I8K5YBTj+Lg==",
      "type": "package",
      "path": "syncfusion.licensing/29.1.33",
      "files": [
        ".nupkg.metadata",
        ".signature.p7s",
        "LICENSE.txt",
        "README.md",
        "lib/MonoAndroid90/Syncfusion.Licensing.dll",
        "lib/Xamarin.Mac/Syncfusion.Licensing.dll",
        "lib/Xamarin.iOS10/Syncfusion.Licensing.dll",
        "lib/net462/Syncfusion.Licensing.dll",
        "lib/net8.0/Syncfusion.Licensing.dll",
        "lib/net9.0/Syncfusion.Licensing.dll",
        "lib/netstandard2.0/Syncfusion.Licensing.dll",
        "lib/uap10.0/Syncfusion.Licensing.dll",
        "syncfusion.licensing.29.1.33.nupkg.sha512",
        "syncfusion.licensing.nuspec",
        "syncfusion_logo.png"
      ]
    },
    "Syncfusion.Linq.Base/29.1.33": {
      "sha512": "4D9zh94DxHEYwhk4w6ElbqL6KAkwQQD9k2BZZx0Ho9fIScwWWJM8M6ak/nj60i0B5AB9VJPsXoaILw2jB7wiRg==",
      "type": "package",
      "path": "syncfusion.linq.base/29.1.33",
      "files": [
        ".nupkg.metadata",
        ".signature.p7s",
        "LICENSE.txt",
        "lib/net462/Syncfusion.Linq.Base.dll",
        "lib/net462/Syncfusion.Linq.Base.xml",
        "lib/net8.0-windows7.0/Syncfusion.Linq.Base.dll",
        "lib/net8.0-windows7.0/Syncfusion.Linq.Base.xml",
        "lib/net9.0-windows7.0/Syncfusion.Linq.Base.dll",
        "lib/net9.0-windows7.0/Syncfusion.Linq.Base.xml",
        "syncfusion.linq.base.29.1.33.nupkg.sha512",
        "syncfusion.linq.base.nuspec",
        "syncfusion_logo.png"
      ]
    },
    "Syncfusion.Pdf.Wpf/29.1.33": {
      "sha512": "kZmPhlTgLWx8At6kUdv2BD9mZqIlOFgIXUof5gbmt5wYMSYh1RuIrOJQucDBbkU5srm9eCEri9bHaomTjJZVWQ==",
      "type": "package",
      "path": "syncfusion.pdf.wpf/29.1.33",
      "files": [
        ".nupkg.metadata",
        ".signature.p7s",
        "LICENSE.txt",
        "README.md",
        "lib/net462/Syncfusion.Pdf.Base.dll",
        "lib/net462/Syncfusion.Pdf.Base.xml",
        "lib/net8.0-windows7.0/Syncfusion.Pdf.Base.dll",
        "lib/net8.0-windows7.0/Syncfusion.Pdf.Base.xml",
        "lib/net9.0-windows7.0/Syncfusion.Pdf.Base.dll",
        "lib/net9.0-windows7.0/Syncfusion.Pdf.Base.xml",
        "syncfusion.pdf.wpf.29.1.33.nupkg.sha512",
        "syncfusion.pdf.wpf.nuspec",
        "syncfusion_logo.png"
      ]
    },
    "Syncfusion.SfChart.WPF/29.1.33": {
      "sha512": "ufBhsvHToLVU4s5ctydRkmFIaaDKOaqQaGS5ZCyNRd5wVE0j4BUML3VXQSCLGKjVcqg6qwGg6dbzWzvKvBWq7Q==",
      "type": "package",
      "path": "syncfusion.sfchart.wpf/29.1.33",
      "hasTools": true,
      "files": [
        ".nupkg.metadata",
        ".signature.p7s",
        "LICENSE.txt",
        "README.md",
        "lib/net462/Design/Syncfusion.Design.Wpf.dll",
        "lib/net462/Design/Syncfusion.SfChart.WPF.DesignTools.dll",
        "lib/net462/Design/Syncfusion.SfChart.WPF.Expression.Design.dll",
        "lib/net462/Design/Syncfusion.SfChart.WPF.VisualStudio.Design.dll",
        "lib/net462/Syncfusion.SfChart.WPF.dll",
        "lib/net462/Syncfusion.SfChart.WPF.xml",
        "lib/net8.0-windows7.0/Design/Syncfusion.SfChart.WPF.DesignTools.dll",
        "lib/net8.0-windows7.0/Syncfusion.SfChart.WPF.dll",
        "lib/net8.0-windows7.0/Syncfusion.SfChart.WPF.xml",
        "lib/net9.0-windows7.0/Design/Syncfusion.SfChart.WPF.DesignTools.dll",
        "lib/net9.0-windows7.0/Syncfusion.SfChart.WPF.dll",
        "lib/net9.0-windows7.0/Syncfusion.SfChart.WPF.xml",
        "syncfusion.sfchart.wpf.29.1.33.nupkg.sha512",
        "syncfusion.sfchart.wpf.nuspec",
        "syncfusion_logo.png",
        "tools/VisualStudioToolsManifest.xml"
      ]
    },
    "Syncfusion.SfGauge.WPF/29.1.33": {
      "sha512": "jYezpibk6rL59w/zDd+l1QZRqJ1gWNYSoyt61AFr6JMVenpCoUnWdvjkbL5R6iulpF/7rYDWpeu9yMbde8meNQ==",
      "type": "package",
      "path": "syncfusion.sfgauge.wpf/29.1.33",
      "hasTools": true,
      "files": [
        ".nupkg.metadata",
        ".signature.p7s",
        "LICENSE.txt",
        "README.md",
        "lib/net462/Design/Syncfusion.Design.Wpf.dll",
        "lib/net462/Design/Syncfusion.SfGauge.WPF.DesignTools.dll",
        "lib/net462/Design/Syncfusion.SfGauge.WPF.Expression.Design.dll",
        "lib/net462/Design/Syncfusion.SfGauge.WPF.VisualStudio.Design.dll",
        "lib/net462/Syncfusion.SfGauge.WPF.dll",
        "lib/net462/Syncfusion.SfGauge.WPF.xml",
        "lib/net8.0-windows7.0/Design/Syncfusion.SfGauge.WPF.DesignTools.dll",
        "lib/net8.0-windows7.0/Syncfusion.SfGauge.WPF.dll",
        "lib/net8.0-windows7.0/Syncfusion.SfGauge.WPF.xml",
        "lib/net9.0-windows7.0/Design/Syncfusion.SfGauge.WPF.DesignTools.dll",
        "lib/net9.0-windows7.0/Syncfusion.SfGauge.WPF.dll",
        "lib/net9.0-windows7.0/Syncfusion.SfGauge.WPF.xml",
        "syncfusion.sfgauge.wpf.29.1.33.nupkg.sha512",
        "syncfusion.sfgauge.wpf.nuspec",
        "syncfusion_logo.png",
        "tools/VisualStudioToolsManifest.xml"
      ]
    },
    "Syncfusion.SfGrid.WPF/29.1.33": {
      "sha512": "vAmqEBak8elW2SQPHRi+6Q6Yda6rxq8yQqXnD69yOCcnqkt4hoO8Qqyf0/BFZjAcChRehkZkScPwaDMIA0yfMw==",
      "type": "package",
      "path": "syncfusion.sfgrid.wpf/29.1.33",
      "hasTools": true,
      "files": [
        ".nupkg.metadata",
        ".signature.p7s",
        "LICENSE.txt",
        "README.md",
        "lib/net462/Design/Syncfusion.SfGrid.WPF.DesignTools.dll",
        "lib/net462/Design/Syncfusion.SfGrid.WPF.Expression.Design.dll",
        "lib/net462/Design/Syncfusion.SfGrid.WPF.VisualStudio.Design.dll",
        "lib/net462/Syncfusion.SfGrid.WPF.dll",
        "lib/net462/Syncfusion.SfGrid.WPF.xml",
        "lib/net8.0-windows7.0/Design/Syncfusion.SfGrid.WPF.DesignTools.dll",
        "lib/net8.0-windows7.0/Syncfusion.SfGrid.WPF.dll",
        "lib/net8.0-windows7.0/Syncfusion.SfGrid.WPF.xml",
        "lib/net9.0-windows7.0/Design/Syncfusion.SfGrid.WPF.DesignTools.dll",
        "lib/net9.0-windows7.0/Syncfusion.SfGrid.WPF.dll",
        "lib/net9.0-windows7.0/Syncfusion.SfGrid.WPF.xml",
        "syncfusion.sfgrid.wpf.29.1.33.nupkg.sha512",
        "syncfusion.sfgrid.wpf.nuspec",
        "syncfusion_logo.png",
        "tools/VisualStudioToolsManifest.xml"
      ]
    },
    "Syncfusion.SfSkinManager.WPF/29.1.33": {
      "sha512": "GG8YcIVPnhGbCtZxjV0szs+gB5ednF4XxH8byCe5tVp4miW0bCNFzOnNYSoFsZSfRzUfSg6QVhSM+uOHoMibqA==",
      "type": "package",
      "path": "syncfusion.sfskinmanager.wpf/29.1.33",
      "files": [
        ".nupkg.metadata",
        ".signature.p7s",
        "LICENSE.txt",
        "README.md",
        "lib/net462/Syncfusion.SfSkinManager.WPF.dll",
        "lib/net462/Syncfusion.SfSkinManager.WPF.xml",
        "lib/net8.0-windows7.0/Syncfusion.SfSkinManager.WPF.dll",
        "lib/net8.0-windows7.0/Syncfusion.SfSkinManager.WPF.xml",
        "lib/net9.0-windows7.0/Syncfusion.SfSkinManager.WPF.dll",
        "lib/net9.0-windows7.0/Syncfusion.SfSkinManager.WPF.xml",
        "syncfusion.sfskinmanager.wpf.29.1.33.nupkg.sha512",
        "syncfusion.sfskinmanager.wpf.nuspec",
        "syncfusion_logo.png"
      ]
    },
    "Syncfusion.Shared.WPF/29.1.33": {
      "sha512": "TaXm1Kyq4T9S+ZK5BY6ecBSUIGfqJ7SXXCAPWcUGWPU4zldusJqUZEPkQrLI2j+HumUFFLZpvyNxZTrqUrcpEA==",
      "type": "package",
      "path": "syncfusion.shared.wpf/29.1.33",
      "hasTools": true,
      "files": [
        ".nupkg.metadata",
        ".signature.p7s",
        "LICENSE.txt",
        "README.md",
        "lib/net462/Design/Syncfusion.Design.Wpf.dll",
        "lib/net462/Design/Syncfusion.Shared.WPF.DesignTools.dll",
        "lib/net462/Design/Syncfusion.Shared.Wpf.Expression.Design.dll",
        "lib/net462/Design/Syncfusion.Shared.Wpf.VisualStudio.Design.dll",
        "lib/net462/Design/Syncfusion.Shared.Wpf.dll.Design.dll",
        "lib/net462/Syncfusion.Shared.WPF.dll",
        "lib/net462/Syncfusion.Shared.WPF.xml",
        "lib/net8.0-windows7.0/Design/Syncfusion.Shared.WPF.DesignTools.dll",
        "lib/net8.0-windows7.0/Syncfusion.Shared.WPF.dll",
        "lib/net8.0-windows7.0/Syncfusion.Shared.WPF.xml",
        "lib/net9.0-windows7.0/Design/Syncfusion.Shared.WPF.DesignTools.dll",
        "lib/net9.0-windows7.0/Syncfusion.Shared.WPF.dll",
        "lib/net9.0-windows7.0/Syncfusion.Shared.WPF.xml",
        "syncfusion.shared.wpf.29.1.33.nupkg.sha512",
        "syncfusion.shared.wpf.nuspec",
        "syncfusion_logo.png",
        "tools/VisualStudioToolsManifest.xml"
      ]
    },
    "Syncfusion.Themes.FluentLight.WPF/29.1.33": {
      "sha512": "pF4gKksGiYwyGav9N9ejhX1ppP0wJIRICeo4azv0xfwhS/nb6V+2IF0LvVlOvDOLk1vHxL62wvWwgM8fH1AEVw==",
      "type": "package",
      "path": "syncfusion.themes.fluentlight.wpf/29.1.33",
      "files": [
        ".nupkg.metadata",
        ".signature.p7s",
        "LICENSE.txt",
        "README.md",
        "lib/net462/Syncfusion.Themes.FluentLight.WPF.dll",
        "lib/net462/Syncfusion.Themes.FluentLight.WPF.xml",
        "lib/net8.0-windows7.0/Syncfusion.Themes.FluentLight.WPF.dll",
        "lib/net8.0-windows7.0/Syncfusion.Themes.FluentLight.WPF.xml",
        "lib/net9.0-windows7.0/Syncfusion.Themes.FluentLight.WPF.dll",
        "lib/net9.0-windows7.0/Syncfusion.Themes.FluentLight.WPF.xml",
        "syncfusion.themes.fluentlight.wpf.29.1.33.nupkg.sha512",
        "syncfusion.themes.fluentlight.wpf.nuspec",
        "syncfusion_logo.png"
      ]
    },
    "Syncfusion.Themes.Windows11Light.WPF/29.1.33": {
      "sha512": "xqzPfAXM31c70Q6nL28T6p9TCr3LLE9O4UCCcqXh0iezkXHE5DfYRxxXXVQFNtYA2ovDHq9Z9x83vvK6PaGc8Q==",
      "type": "package",
      "path": "syncfusion.themes.windows11light.wpf/29.1.33",
      "files": [
        ".nupkg.metadata",
        ".signature.p7s",
        "LICENSE.txt",
        "README.md",
        "lib/net462/Syncfusion.Themes.Windows11Light.WPF.dll",
        "lib/net462/Syncfusion.Themes.Windows11Light.WPF.xml",
        "lib/net8.0-windows7.0/Syncfusion.Themes.Windows11Light.WPF.dll",
        "lib/net8.0-windows7.0/Syncfusion.Themes.Windows11Light.WPF.xml",
        "lib/net9.0-windows7.0/Syncfusion.Themes.Windows11Light.WPF.dll",
        "lib/net9.0-windows7.0/Syncfusion.Themes.Windows11Light.WPF.xml",
        "syncfusion.themes.windows11light.wpf.29.1.33.nupkg.sha512",
        "syncfusion.themes.windows11light.wpf.nuspec",
        "syncfusion_logo.png"
      ]
    },
    "Syncfusion.Tools.WPF/29.1.33": {
      "sha512": "4McY0WZV/PbRoLsD+DWkVwdkigBhi0muSD3FRNsNBrjdc8kn8zRX0kakbxkXlZmizn2pvCEgq7ZlyIDLnqZEYg==",
      "type": "package",
      "path": "syncfusion.tools.wpf/29.1.33",
      "hasTools": true,
      "files": [
        ".nupkg.metadata",
        ".signature.p7s",
        "LICENSE.txt",
        "README.md",
        "lib/net462/Design/Syncfusion.Design.Wpf.dll",
        "lib/net462/Design/Syncfusion.Tools.WPF.DesignTools.dll",
        "lib/net462/Design/Syncfusion.Tools.Wpf.Expression.Design.dll",
        "lib/net462/Design/Syncfusion.Tools.Wpf.VisualStudio.Design.dll",
        "lib/net462/Design/Syncfusion.Tools.Wpf.dll.Design.dll",
        "lib/net462/Syncfusion.Tools.WPF.dll",
        "lib/net462/Syncfusion.Tools.WPF.xml",
        "lib/net8.0-windows7.0/Design/Syncfusion.Tools.WPF.DesignTools.dll",
        "lib/net8.0-windows7.0/Syncfusion.Tools.WPF.dll",
        "lib/net8.0-windows7.0/Syncfusion.Tools.WPF.xml",
        "lib/net9.0-windows7.0/Design/Syncfusion.Tools.WPF.DesignTools.dll",
        "lib/net9.0-windows7.0/Syncfusion.Tools.WPF.dll",
        "lib/net9.0-windows7.0/Syncfusion.Tools.WPF.xml",
        "syncfusion.tools.wpf.29.1.33.nupkg.sha512",
        "syncfusion.tools.wpf.nuspec",
        "syncfusion_logo.png",
        "tools/VisualStudioToolsManifest.xml"
      ]
    },
    "Syncfusion.XlsIO.Wpf/29.1.33": {
      "sha512": "yaadTph3kzcCkxIB1CUSOfkcRkL0PTvaYtzQL8GJPN88tkmF7tynL9bpTOD2WXdocOzXH0Y7xAQIUlMMqIvAdQ==",
      "type": "package",
      "path": "syncfusion.xlsio.wpf/29.1.33",
      "files": [
        ".nupkg.metadata",
        ".signature.p7s",
        "LICENSE.txt",
        "README.md",
        "lib/net462/Syncfusion.XlsIO.Base.dll",
        "lib/net462/Syncfusion.XlsIO.Base.xml",
        "lib/net8.0-windows7.0/Syncfusion.XlsIO.Base.dll",
        "lib/net8.0-windows7.0/Syncfusion.XlsIO.Base.xml",
        "lib/net9.0-windows7.0/Syncfusion.XlsIO.Base.dll",
        "lib/net9.0-windows7.0/Syncfusion.XlsIO.Base.xml",
        "syncfusion.xlsio.wpf.29.1.33.nupkg.sha512",
        "syncfusion.xlsio.wpf.nuspec",
        "syncfusion_logo.png"
      ]
    }
  },
  "projectFileDependencyGroups": {
    "net9.0-windows7.0": [
      "Microsoft.Xaml.Behaviors.Wpf >= 1.1.19",
      "Syncfusion.Compression.Base >= 29.1.33",
      "Syncfusion.Data.WPF >= 29.1.33",
      "Syncfusion.DataGridExcelExport.Wpf >= 29.1.33",
      "Syncfusion.GridCommon.Wpf >= 29.1.33",
      "Syncfusion.Linq.Base >= 29.1.33",
      "Syncfusion.Pdf.Wpf >= 29.1.33",
      "Syncfusion.SfChart.Wpf >= 29.1.33",
      "Syncfusion.SfGauge.Wpf >= 29.1.33",
      "Syncfusion.SfGrid.Wpf >= 29.1.33",
      "Syncfusion.SfSkinManager.WPF >= 29.1.33",
      "Syncfusion.Shared.Wpf >= 29.1.33",
      "Syncfusion.Themes.FluentLight.WPF >= 29.1.33",
      "Syncfusion.Themes.Windows11Light.WPF >= 29.1.33",
      "Syncfusion.Tools.WPF >= 29.1.33",
      "Syncfusion.XlsIO.Wpf >= 29.1.33"
    ]
  },
  "packageFolders": {
    "C:\\Users\\micha\\.nuget\\packages\\": {},
    "C:\\Program Files (x86)\\Microsoft Visual Studio\\Shared\\NuGetPackages": {},
    "C:\\Program Files (x86)\\Microsoft\\Xamarin\\NuGet\\": {}
  },
  "project": {
    "version": "1.0.0",
    "restore": {
      "projectUniqueName": "C:\\Repos\\040 MauiNet9\\Purse\\030 Samples\\wpf-demos-master\\showcase\\expense analysis tracker\\syncfusion.expenseanalysis.wpf_lib_90.csproj",
      "projectName": "syncfusion.expenseanalysis.wpf",
      "projectPath": "C:\\Repos\\040 MauiNet9\\Purse\\030 Samples\\wpf-demos-master\\showcase\\expense analysis tracker\\syncfusion.expenseanalysis.wpf_lib_90.csproj",
      "packagesPath": "C:\\Users\\micha\\.nuget\\packages\\",
      "outputPath": "C:\\Repos\\040 MauiNet9\\Purse\\030 Samples\\wpf-demos-master\\showcase\\expense analysis tracker\\obj_90\\",
      "projectStyle": "PackageReference",
      "fallbackFolders": [
        "C:\\Program Files (x86)\\Microsoft Visual Studio\\Shared\\NuGetPackages",
        "C:\\Program Files (x86)\\Microsoft\\Xamarin\\NuGet\\"
      ],
      "configFilePaths": [
        "C:\\Users\\micha\\AppData\\Roaming\\NuGet\\NuGet.Config",
        "C:\\Program Files (x86)\\NuGet\\Config\\Microsoft.VisualStudio.FallbackLocation.config",
        "C:\\Program Files (x86)\\NuGet\\Config\\Microsoft.VisualStudio.Offline.config",
        "C:\\Program Files (x86)\\NuGet\\Config\\Xamarin.Offline.config"
      ],
      "originalTargetFrameworks": [
        "net9.0-windows"
      ],
      "sources": {
        "C:\\Program Files (x86)\\Microsoft SDKs\\NuGetPackages\\": {},
        "C:\\Program Files\\dotnet\\library-packs": {},
        "https://api.nuget.org/v3/index.json": {}
      },
      "frameworks": {
        "net9.0-windows7.0": {
          "targetAlias": "net9.0-windows",
          "projectReferences": {}
        }
      },
      "warningProperties": {
        "warnAsError": [
          "NU1605"
        ]
      },
      "restoreAuditProperties": {
        "enableAudit": "true",
        "auditLevel": "low",
        "auditMode": "direct"
      },
      "SdkAnalysisLevel": "9.0.300"
    },
    "frameworks": {
      "net9.0-windows7.0": {
        "targetAlias": "net9.0-windows",
        "dependencies": {
          "Microsoft.Xaml.Behaviors.Wpf": {
            "target": "Package",
            "version": "[1.1.19, )"
          },
          "Syncfusion.Compression.Base": {
            "target": "Package",
            "version": "[29.1.33, )"
          },
          "Syncfusion.Data.WPF": {
            "target": "Package",
            "version": "[29.1.33, )"
          },
          "Syncfusion.DataGridExcelExport.Wpf": {
            "target": "Package",
            "version": "[29.1.33, )"
          },
          "Syncfusion.GridCommon.Wpf": {
            "target": "Package",
            "version": "[29.1.33, )"
          },
          "Syncfusion.Linq.Base": {
            "target": "Package",
            "version": "[29.1.33, )"
          },
          "Syncfusion.Pdf.Wpf": {
            "target": "Package",
            "version": "[29.1.33, )"
          },
          "Syncfusion.SfChart.Wpf": {
            "target": "Package",
            "version": "[29.1.33, )"
          },
          "Syncfusion.SfGauge.Wpf": {
            "target": "Package",
            "version": "[29.1.33, )"
          },
          "Syncfusion.SfGrid.Wpf": {
            "target": "Package",
            "version": "[29.1.33, )"
          },
          "Syncfusion.SfSkinManager.WPF": {
            "target": "Package",
            "version": "[29.1.33, )"
          },
          "Syncfusion.Shared.Wpf": {
            "target": "Package",
            "version": "[29.1.33, )"
          },
          "Syncfusion.Themes.FluentLight.WPF": {
            "target": "Package",
            "version": "[29.1.33, )"
          },
          "Syncfusion.Themes.Windows11Light.WPF": {
            "target": "Package",
            "version": "[29.1.33, )"
          },
          "Syncfusion.Tools.WPF": {
            "target": "Package",
            "version": "[29.1.33, )"
          },
          "Syncfusion.XlsIO.Wpf": {
            "target": "Package",
            "version": "[29.1.33, )"
          }
        },
        "imports": [
          "net461",
          "net462",
          "net47",
          "net471",
          "net472",
          "net48",
          "net481"
        ],
        "assetTargetFallback": true,
        "warn": true,
        "frameworkReferences": {
          "Microsoft.NETCore.App": {
            "privateAssets": "all"
          },
          "Microsoft.WindowsDesktop.App": {
            "privateAssets": "none"
          }
        },
        "runtimeIdentifierGraphPath": "C:\\Program Files\\dotnet\\sdk\\9.0.305/PortableRuntimeIdentifierGraph.json"
      }
    }
  }
}